
Microsoft Visual Studio Solution File, Format Version 12.00
# Visual Studio Version 17
VisualStudioVersion = 17.5.33530.505
MinimumVisualStudioVersion = 10.0.40219.1
Project("{FAE04EC0-301F-11D3-BF4B-00C04F79EFBC}") = "eTicket-eCommorce", "eTicket-eCommorce\eTicket-eCommorce.csproj", "{EA860E54-6645-49A0-BB12-4453BC3ED3D6}"
EndProject
Global
	GlobalSection(SolutionConfigurationPlatforms) = preSolution
		Debug|Any CPU = Debug|Any CPU
		Release|Any CPU = Release|Any CPU
	EndGlobalSection
	GlobalSection(ProjectConfigurationPlatforms) = postSolution
		{EA860E54-6645-49A0-BB12-4453BC3ED3D6}.Debug|Any CPU.ActiveCfg = Debug|Any CPU
		{EA860E54-6645-49A0-BB12-4453BC3ED3D6}.Debug|Any CPU.Build.0 = Debug|Any CPU
		{EA860E54-6645-49A0-BB12-4453BC3ED3D6}.Release|Any CPU.ActiveCfg = Release|Any CPU
		{EA860E54-6645-49A0-BB12-4453BC3ED3D6}.Release|Any CPU.Build.0 = Release|Any CPU
	EndGlobalSection
	GlobalSection(SolutionProperties) = preSolution
		HideSolutionNode = FALSE
	EndGlobalSection
	GlobalSection(ExtensibilityGlobals) = postSolution
		SolutionGuid = {BA91AA35-32B3-4AD5-AA84-AC9D401B5D7D}
	EndGlobalSection
EndGlobal
